
Microsoft Visual Studio Solution File, Format Version 12.00
# Visual Studio 14
VisualStudioVersion = 14.0.24720.0
MinimumVisualStudioVersion = 10.0.40219.1
Project("{FAE04EC0-301F-11D3-BF4B-00C04F79EFBC}") = "DataReaderDemo", "DataReaderDemo\DataReaderDemo.csproj", "{546E7989-F089-4E58-91EE-0B68BDD0EA10}"
EndProject
Project("{FAE04EC0-301F-11D3-BF4B-00C04F79EFBC}") = "DataReaderDemoForms", "DataReaderDemoForms\DataReaderDemoForms.csproj", "{1392BC11-F7D3-49E3-A8ED-9575CBFCF3C9}"
EndProject
Global
	GlobalSection(SolutionConfigurationPlatforms) = preSolution
		Debug|Any CPU = Debug|Any CPU
		Release|Any CPU = Release|Any CPU
	EndGlobalSection
	GlobalSection(ProjectConfigurationPlatforms) = postSolution
		{546E7989-F089-4E58-91EE-0B68BDD0EA10}.Debug|Any CPU.ActiveCfg = Debug|Any CPU
		{546E7989-F089-4E58-91EE-0B68BDD0EA10}.Debug|Any CPU.Build.0 = Debug|Any CPU
		{546E7989-F089-4E58-91EE-0B68BDD0EA10}.Release|Any CPU.ActiveCfg = Release|Any CPU
		{546E7989-F089-4E58-91EE-0B68BDD0EA10}.Release|Any CPU.Build.0 = Release|Any CPU
		{1392BC11-F7D3-49E3-A8ED-9575CBFCF3C9}.Debug|Any CPU.ActiveCfg = Debug|Any CPU
		{1392BC11-F7D3-49E3-A8ED-9575CBFCF3C9}.Debug|Any CPU.Build.0 = Debug|Any CPU
		{1392BC11-F7D3-49E3-A8ED-9575CBFCF3C9}.Release|Any CPU.ActiveCfg = Release|Any CPU
		{1392BC11-F7D3-49E3-A8ED-9575CBFCF3C9}.Release|Any CPU.Build.0 = Release|Any CPU
	EndGlobalSection
	GlobalSection(SolutionProperties) = preSolution
		HideSolutionNode = FALSE
	EndGlobalSection
EndGlobal
